
Microsoft Visual Studio Solution File, Format Version 12.00
# Visual Studio Version 17
VisualStudioVersion = 17.14.36203.30 d17.14
MinimumVisualStudioVersion = 10.0.40219.1
Project("{FAE04EC0-301F-11D3-BF4B-00C04F79EFBC}") = "MusicApp", "MusicApp\MusicApp.csproj", "{6D4725D7-3374-4174-AFF7-4A05157865BC}"
EndProject
Global
	GlobalSection(SolutionConfigurationPlatforms) = preSolution
		Debug|Any CPU = Debug|Any CPU
		Release|Any CPU = Release|Any CPU
	EndGlobalSection
	GlobalSection(ProjectConfigurationPlatforms) = postSolution
		{6D4725D7-3374-4174-AFF7-4A05157865BC}.Debug|Any CPU.ActiveCfg = Debug|Any CPU
		{6D4725D7-3374-4174-AFF7-4A05157865BC}.Debug|Any CPU.Build.0 = Debug|Any CPU
		{6D4725D7-3374-4174-AFF7-4A05157865BC}.Release|Any CPU.ActiveCfg = Release|Any CPU
		{6D4725D7-3374-4174-AFF7-4A05157865BC}.Release|Any CPU.Build.0 = Release|Any CPU
	EndGlobalSection
	GlobalSection(SolutionProperties) = preSolution
		HideSolutionNode = FALSE
	EndGlobalSection
	GlobalSection(ExtensibilityGlobals) = postSolution
		SolutionGuid = {4858A1C3-D4F3-47C1-A627-4E5591DD2DF4}
	EndGlobalSection
EndGlobal
